
Microsoft Visual Studio Solution File, Format Version 12.00
# Visual Studio Version 17
VisualStudioVersion = 17.5.33103.201
MinimumVisualStudioVersion = 10.0.40219.1
Project("{9A19103F-16F7-4668-BE54-9A1E7A4F7556}") = "WPFBlazorChat", "WPFBlazorChat.csproj", "{FD8F1CF5-FD70-4044-AFDD-AB552B2CE1CD}"
EndProject
Global
	GlobalSection(SolutionConfigurationPlatforms) = preSolution
		Debug|Any CPU = Debug|Any CPU
		Release|Any CPU = Release|Any CPU
	EndGlobalSection
	GlobalSection(ProjectConfigurationPlatforms) = postSolution
		{FD8F1CF5-FD70-4044-AFDD-AB552B2CE1CD}.Debug|Any CPU.ActiveCfg = Debug|Any CPU
		{FD8F1CF5-FD70-4044-AFDD-AB552B2CE1CD}.Debug|Any CPU.Build.0 = Debug|Any CPU
		{FD8F1CF5-FD70-4044-AFDD-AB552B2CE1CD}.Release|Any CPU.ActiveCfg = Release|Any CPU
		{FD8F1CF5-FD70-4044-AFDD-AB552B2CE1CD}.Release|Any CPU.Build.0 = Release|Any CPU
	EndGlobalSection
	GlobalSection(SolutionProperties) = preSolution
		HideSolutionNode = FALSE
	EndGlobalSection
	GlobalSection(ExtensibilityGlobals) = postSolution
		SolutionGuid = {8DEA9BE5-AAE6-4008-BA2D-D672F1FBAA47}
	EndGlobalSection
EndGlobal
