
Microsoft Visual Studio Solution File, Format Version 12.00
# Visual Studio Version 17
VisualStudioVersion = 17.4.33006.217
MinimumVisualStudioVersion = 10.0.40219.1
Project("{FAE04EC0-301F-11D3-BF4B-00C04F79EFBC}") = "WPFBlazorChat", "WPFBlazorChat.csproj", "{2FAA0381-1B71-4B1A-BA17-54B8A4E94397}"
EndProject
Global
	GlobalSection(SolutionConfigurationPlatforms) = preSolution
		Debug|Any CPU = Debug|Any CPU
		Release|Any CPU = Release|Any CPU
	EndGlobalSection
	GlobalSection(ProjectConfigurationPlatforms) = postSolution
		{2FAA0381-1B71-4B1A-BA17-54B8A4E94397}.Debug|Any CPU.ActiveCfg = Debug|Any CPU
		{2FAA0381-1B71-4B1A-BA17-54B8A4E94397}.Debug|Any CPU.Build.0 = Debug|Any CPU
		{2FAA0381-1B71-4B1A-BA17-54B8A4E94397}.Release|Any CPU.ActiveCfg = Release|Any CPU
		{2FAA0381-1B71-4B1A-BA17-54B8A4E94397}.Release|Any CPU.Build.0 = Release|Any CPU
	EndGlobalSection
	GlobalSection(SolutionProperties) = preSolution
		HideSolutionNode = FALSE
	EndGlobalSection
	GlobalSection(ExtensibilityGlobals) = postSolution
		SolutionGuid = {893F0C4E-C6A5-49D0-A5A6-B16AEA380AA2}
	EndGlobalSection
EndGlobal
