
Microsoft Visual Studio Solution File, Format Version 12.00
# Visual Studio Version 17
VisualStudioVersion = 17.4.33006.217
MinimumVisualStudioVersion = 10.0.40219.1
Project("{9A19103F-16F7-4668-BE54-9A1E7A4F7556}") = "WPFBlazorChat", "WPFBlazorChat\WPFBlazorChat.csproj", "{F294B2CF-215D-41BA-A690-2DC253330614}"
EndProject
Project("{2150E333-8FDC-42A3-9474-1A3956D46DE8}") = "Solution Items", "Solution Items", "{DE9B9262-CAF6-41C7-A20E-DBD111964F16}"
	ProjectSection(SolutionItems) = preProject
		.editorconfig = .editorconfig
		Directory.Build.props = Directory.Build.props
		Directory.Build.Targets = Directory.Build.Targets
	EndProjectSection
EndProject
Project("{9A19103F-16F7-4668-BE54-9A1E7A4F7556}") = "WPFBlazorChat.Core", "WPFBlazorChat.Core\WPFBlazorChat.Core.csproj", "{89021DA7-85A9-48B1-9802-B5A71CB8ADD7}"
EndProject
Project("{9A19103F-16F7-4668-BE54-9A1E7A4F7556}") = "WPFBlazorChat.Shared", "WPFBlazorChat.Shared\WPFBlazorChat.Shared.csproj", "{931CFEE6-37FF-4B9B-A21D-35B43C9C7840}"
EndProject
Project("{9A19103F-16F7-4668-BE54-9A1E7A4F7556}") = "WPFBlazorChat.WebApp", "WPFBlazorChat.WebApp\WPFBlazorChat.WebApp.csproj", "{97BBED5C-E63D-44A6-8BC7-08DCE88C204A}"
EndProject
Project("{9A19103F-16F7-4668-BE54-9A1E7A4F7556}") = "BlazorChat.BlazorServer", "BlazorChat.BlazorServer\BlazorChat.BlazorServer.csproj", "{ED8E6DCF-5FB6-47EF-9ED1-EBA03AE98B7C}"
EndProject
Global
	GlobalSection(SolutionConfigurationPlatforms) = preSolution
		Debug|Any CPU = Debug|Any CPU
		Release|Any CPU = Release|Any CPU
	EndGlobalSection
	GlobalSection(ProjectConfigurationPlatforms) = postSolution
		{F294B2CF-215D-41BA-A690-2DC253330614}.Debug|Any CPU.ActiveCfg = Debug|Any CPU
		{F294B2CF-215D-41BA-A690-2DC253330614}.Debug|Any CPU.Build.0 = Debug|Any CPU
		{F294B2CF-215D-41BA-A690-2DC253330614}.Release|Any CPU.ActiveCfg = Release|Any CPU
		{F294B2CF-215D-41BA-A690-2DC253330614}.Release|Any CPU.Build.0 = Release|Any CPU
		{89021DA7-85A9-48B1-9802-B5A71CB8ADD7}.Debug|Any CPU.ActiveCfg = Debug|Any CPU
		{89021DA7-85A9-48B1-9802-B5A71CB8ADD7}.Debug|Any CPU.Build.0 = Debug|Any CPU
		{89021DA7-85A9-48B1-9802-B5A71CB8ADD7}.Release|Any CPU.ActiveCfg = Release|Any CPU
		{89021DA7-85A9-48B1-9802-B5A71CB8ADD7}.Release|Any CPU.Build.0 = Release|Any CPU
		{931CFEE6-37FF-4B9B-A21D-35B43C9C7840}.Debug|Any CPU.ActiveCfg = Debug|Any CPU
		{931CFEE6-37FF-4B9B-A21D-35B43C9C7840}.Debug|Any CPU.Build.0 = Debug|Any CPU
		{931CFEE6-37FF-4B9B-A21D-35B43C9C7840}.Release|Any CPU.ActiveCfg = Release|Any CPU
		{931CFEE6-37FF-4B9B-A21D-35B43C9C7840}.Release|Any CPU.Build.0 = Release|Any CPU
		{97BBED5C-E63D-44A6-8BC7-08DCE88C204A}.Debug|Any CPU.ActiveCfg = Debug|Any CPU
		{97BBED5C-E63D-44A6-8BC7-08DCE88C204A}.Debug|Any CPU.Build.0 = Debug|Any CPU
		{97BBED5C-E63D-44A6-8BC7-08DCE88C204A}.Release|Any CPU.ActiveCfg = Release|Any CPU
		{97BBED5C-E63D-44A6-8BC7-08DCE88C204A}.Release|Any CPU.Build.0 = Release|Any CPU
		{ED8E6DCF-5FB6-47EF-9ED1-EBA03AE98B7C}.Debug|Any CPU.ActiveCfg = Debug|Any CPU
		{ED8E6DCF-5FB6-47EF-9ED1-EBA03AE98B7C}.Debug|Any CPU.Build.0 = Debug|Any CPU
		{ED8E6DCF-5FB6-47EF-9ED1-EBA03AE98B7C}.Release|Any CPU.ActiveCfg = Release|Any CPU
		{ED8E6DCF-5FB6-47EF-9ED1-EBA03AE98B7C}.Release|Any CPU.Build.0 = Release|Any CPU
	EndGlobalSection
	GlobalSection(SolutionProperties) = preSolution
		HideSolutionNode = FALSE
	EndGlobalSection
	GlobalSection(ExtensibilityGlobals) = postSolution
		SolutionGuid = {C4D305B1-8BF8-437A-88D3-4FBD0F2EBC3A}
	EndGlobalSection
EndGlobal
